
Microsoft Visual Studio Solution File, Format Version 12.00
# Visual Studio Version 16
VisualStudioVersion = 16.0.31005.135
MinimumVisualStudioVersion = 10.0.40219.1
Project("{FAE04EC0-301F-11D3-BF4B-00C04F79EFBC}") = "CBA", "CBA\CBA.csproj", "{4C5E375A-D7F6-41D1-98EB-E2B7D7E8B736}"
EndProject
Global
	GlobalSection(SolutionConfigurationPlatforms) = preSolution
		Debug|Any CPU = Debug|Any CPU
		Release|Any CPU = Release|Any CPU
	EndGlobalSection
	GlobalSection(ProjectConfigurationPlatforms) = postSolution
		{4C5E375A-D7F6-41D1-98EB-E2B7D7E8B736}.Debug|Any CPU.ActiveCfg = Debug|Any CPU
		{4C5E375A-D7F6-41D1-98EB-E2B7D7E8B736}.Debug|Any CPU.Build.0 = Debug|Any CPU
		{4C5E375A-D7F6-41D1-98EB-E2B7D7E8B736}.Release|Any CPU.ActiveCfg = Release|Any CPU
		{4C5E375A-D7F6-41D1-98EB-E2B7D7E8B736}.Release|Any CPU.Build.0 = Release|Any CPU
	EndGlobalSection
	GlobalSection(SolutionProperties) = preSolution
		HideSolutionNode = FALSE
	EndGlobalSection
	GlobalSection(ExtensibilityGlobals) = postSolution
		SolutionGuid = {EF3AB5D5-A8A6-49E4-9202-E953CC2AD5E1}
	EndGlobalSection
EndGlobal
